
Microsoft Visual Studio Solution File, Format Version 12.00
# Visual Studio Version 16
VisualStudioVersion = 16.0.33027.164
MinimumVisualStudioVersion = 10.0.40219.1
Project("{8BC9CEB8-8B4A-11D0-8D11-00A0C91BC942}") = "Engine", "Engine\Engine.vcxproj", "{FFCA512B-49FC-4FC8-8A73-C4F87D322FF2}"
EndProject
Project("{2150E333-8FDC-42A3-9474-1A3956D46DE8}") = "TMXLoader", "TMXLoader", "{FA9D0F06-DF4B-40E9-AE84-64FD2EBFAFC1}"
	ProjectSection(SolutionItems) = preProject
		Engine\TMXLoader\RapidXML\rapidxml.hpp = Engine\TMXLoader\RapidXML\rapidxml.hpp
		Engine\TMXLoader\RapidXML\rapidxml_iterators.hpp = Engine\TMXLoader\RapidXML\rapidxml_iterators.hpp
		Engine\TMXLoader\RapidXML\rapidxml_print.hpp = Engine\TMXLoader\RapidXML\rapidxml_print.hpp
		Engine\TMXLoader\RapidXML\rapidxml_utils.hpp = Engine\TMXLoader\RapidXML\rapidxml_utils.hpp
		Engine\TMXLoader\TMXLoader.cpp = Engine\TMXLoader\TMXLoader.cpp
		Engine\TMXLoader\TMXLoader.h = Engine\TMXLoader\TMXLoader.h
		Engine\TMXLoader\TMXMap.cpp = Engine\TMXLoader\TMXMap.cpp
		Engine\TMXLoader\TMXMap.h = Engine\TMXLoader\TMXMap.h
		Engine\TMXLoader\TMXTile.cpp = Engine\TMXLoader\TMXTile.cpp
		Engine\TMXLoader\TMXTile.h = Engine\TMXLoader\TMXTile.h
		Engine\TMXLoader\TMXTileLayer.cpp = Engine\TMXLoader\TMXTileLayer.cpp
		Engine\TMXLoader\TMXTileLayer.h = Engine\TMXLoader\TMXTileLayer.h
		Engine\TMXLoader\TMXTileSet.cpp = Engine\TMXLoader\TMXTileSet.cpp
		Engine\TMXLoader\TMXTileSet.h = Engine\TMXLoader\TMXTileSet.h
	EndProjectSection
EndProject
Project("{2150E333-8FDC-42A3-9474-1A3956D46DE8}") = "RapidXML", "RapidXML", "{78F408BA-C84C-4493-8115-CF5D4941E6F3}"
	ProjectSection(SolutionItems) = preProject
		Engine\TMXLoader\RapidXML\rapidxml.hpp = Engine\TMXLoader\RapidXML\rapidxml.hpp
		Engine\TMXLoader\RapidXML\rapidxml_iterators.hpp = Engine\TMXLoader\RapidXML\rapidxml_iterators.hpp
		Engine\TMXLoader\RapidXML\rapidxml_print.hpp = Engine\TMXLoader\RapidXML\rapidxml_print.hpp
		Engine\TMXLoader\RapidXML\rapidxml_utils.hpp = Engine\TMXLoader\RapidXML\rapidxml_utils.hpp
	EndProjectSection
EndProject
Global
	GlobalSection(SolutionConfigurationPlatforms) = preSolution
		Debug|x64 = Debug|x64
		Debug|x86 = Debug|x86
		DebugShared|x64 = DebugShared|x64
		DebugShared|x86 = DebugShared|x86
		DebugStatic|x64 = DebugStatic|x64
		DebugStatic|x86 = DebugStatic|x86
		Release|x64 = Release|x64
		Release|x86 = Release|x86
		ReleaseShared|x64 = ReleaseShared|x64
		ReleaseShared|x86 = ReleaseShared|x86
		ReleaseStatic|x64 = ReleaseStatic|x64
		ReleaseStatic|x86 = ReleaseStatic|x86
	EndGlobalSection
	GlobalSection(ProjectConfigurationPlatforms) = postSolution
		{FFCA512B-49FC-4FC8-8A73-C4F87D322FF2}.Debug|x64.ActiveCfg = Debug|x64
		{FFCA512B-49FC-4FC8-8A73-C4F87D322FF2}.Debug|x64.Build.0 = Debug|x64
		{FFCA512B-49FC-4FC8-8A73-C4F87D322FF2}.Debug|x86.ActiveCfg = Debug|Win32
		{FFCA512B-49FC-4FC8-8A73-C4F87D322FF2}.Debug|x86.Build.0 = Debug|Win32
		{FFCA512B-49FC-4FC8-8A73-C4F87D322FF2}.DebugShared|x64.ActiveCfg = Debug|x64
		{FFCA512B-49FC-4FC8-8A73-C4F87D322FF2}.DebugShared|x64.Build.0 = Debug|x64
		{FFCA512B-49FC-4FC8-8A73-C4F87D322FF2}.DebugShared|x86.ActiveCfg = Debug|Win32
		{FFCA512B-49FC-4FC8-8A73-C4F87D322FF2}.DebugShared|x86.Build.0 = Debug|Win32
		{FFCA512B-49FC-4FC8-8A73-C4F87D322FF2}.DebugStatic|x64.ActiveCfg = Debug|x64
		{FFCA512B-49FC-4FC8-8A73-C4F87D322FF2}.DebugStatic|x64.Build.0 = Debug|x64
		{FFCA512B-49FC-4FC8-8A73-C4F87D322FF2}.DebugStatic|x86.ActiveCfg = Debug|Win32
		{FFCA512B-49FC-4FC8-8A73-C4F87D322FF2}.DebugStatic|x86.Build.0 = Debug|Win32
		{FFCA512B-49FC-4FC8-8A73-C4F87D322FF2}.Release|x64.ActiveCfg = Release|x64
		{FFCA512B-49FC-4FC8-8A73-C4F87D322FF2}.Release|x64.Build.0 = Release|x64
		{FFCA512B-49FC-4FC8-8A73-C4F87D322FF2}.Release|x86.ActiveCfg = Release|Win32
		{FFCA512B-49FC-4FC8-8A73-C4F87D322FF2}.Release|x86.Build.0 = Release|Win32
		{FFCA512B-49FC-4FC8-8A73-C4F87D322FF2}.ReleaseShared|x64.ActiveCfg = Release|x64
		{FFCA512B-49FC-4FC8-8A73-C4F87D322FF2}.ReleaseShared|x64.Build.0 = Release|x64
		{FFCA512B-49FC-4FC8-8A73-C4F87D322FF2}.ReleaseShared|x86.ActiveCfg = Release|Win32
		{FFCA512B-49FC-4FC8-8A73-C4F87D322FF2}.ReleaseShared|x86.Build.0 = Release|Win32
		{FFCA512B-49FC-4FC8-8A73-C4F87D322FF2}.ReleaseStatic|x64.ActiveCfg = Release|x64
		{FFCA512B-49FC-4FC8-8A73-C4F87D322FF2}.ReleaseStatic|x64.Build.0 = Release|x64
		{FFCA512B-49FC-4FC8-8A73-C4F87D322FF2}.ReleaseStatic|x86.ActiveCfg = Release|Win32
		{FFCA512B-49FC-4FC8-8A73-C4F87D322FF2}.ReleaseStatic|x86.Build.0 = Release|Win32
	EndGlobalSection
	GlobalSection(SolutionProperties) = preSolution
		HideSolutionNode = FALSE
	EndGlobalSection
	GlobalSection(NestedProjects) = preSolution
		{78F408BA-C84C-4493-8115-CF5D4941E6F3} = {FA9D0F06-DF4B-40E9-AE84-64FD2EBFAFC1}
	EndGlobalSection
	GlobalSection(ExtensibilityGlobals) = postSolution
		SolutionGuid = {4B65DE23-A07D-45E7-98BE-0A1309777A94}
	EndGlobalSection
EndGlobal
